
Microsoft Visual Studio Solution File, Format Version 12.00
Project("{FAE04EC0-301F-11D3-BF4B-00C04F79EFBC}") = "UnitTestingDemo", "UnitTestingDemo\UnitTestingDemo.csproj", "{2DD98C79-46F0-4838-A207-90704ED49A88}"
EndProject
Project("{FAE04EC0-301F-11D3-BF4B-00C04F79EFBC}") = "UnitTestingDemo.UnitTests", "UnitTestingDemo.UnitTests\UnitTestingDemo.UnitTests.csproj", "{5B3EC0CF-3B10-4AEB-8B06-5F073A83787D}"
EndProject
Global
	GlobalSection(SolutionConfigurationPlatforms) = preSolution
		Debug|Any CPU = Debug|Any CPU
		Release|Any CPU = Release|Any CPU
	EndGlobalSection
	GlobalSection(ProjectConfigurationPlatforms) = postSolution
		{2DD98C79-46F0-4838-A207-90704ED49A88}.Debug|Any CPU.ActiveCfg = Debug|Any CPU
		{2DD98C79-46F0-4838-A207-90704ED49A88}.Debug|Any CPU.Build.0 = Debug|Any CPU
		{2DD98C79-46F0-4838-A207-90704ED49A88}.Release|Any CPU.ActiveCfg = Release|Any CPU
		{2DD98C79-46F0-4838-A207-90704ED49A88}.Release|Any CPU.Build.0 = Release|Any CPU
		{5B3EC0CF-3B10-4AEB-8B06-5F073A83787D}.Debug|Any CPU.ActiveCfg = Debug|Any CPU
		{5B3EC0CF-3B10-4AEB-8B06-5F073A83787D}.Debug|Any CPU.Build.0 = Debug|Any CPU
		{5B3EC0CF-3B10-4AEB-8B06-5F073A83787D}.Release|Any CPU.ActiveCfg = Release|Any CPU
		{5B3EC0CF-3B10-4AEB-8B06-5F073A83787D}.Release|Any CPU.Build.0 = Release|Any CPU
	EndGlobalSection
EndGlobal
